
Microsoft Visual Studio Solution File, Format Version 12.00
# Visual Studio 15
VisualStudioVersion = 15.0.28307.168
MinimumVisualStudioVersion = 10.0.40219.1
Project("{FAE04EC0-301F-11D3-BF4B-00C04F79EFBC}") = "EpicGames", "EpicGames\EpicGames.csproj", "{EF3DD2E7-3AC7-4BC9-B789-5DC5D9959BC7}"
EndProject
Global
	GlobalSection(SolutionConfigurationPlatforms) = preSolution
		Debug|Any CPU = Debug|Any CPU
		Release|Any CPU = Release|Any CPU
	EndGlobalSection
	GlobalSection(ProjectConfigurationPlatforms) = postSolution
		{EF3DD2E7-3AC7-4BC9-B789-5DC5D9959BC7}.Debug|Any CPU.ActiveCfg = Debug|Any CPU
		{EF3DD2E7-3AC7-4BC9-B789-5DC5D9959BC7}.Debug|Any CPU.Build.0 = Debug|Any CPU
		{EF3DD2E7-3AC7-4BC9-B789-5DC5D9959BC7}.Release|Any CPU.ActiveCfg = Release|Any CPU
		{EF3DD2E7-3AC7-4BC9-B789-5DC5D9959BC7}.Release|Any CPU.Build.0 = Release|Any CPU
	EndGlobalSection
	GlobalSection(SolutionProperties) = preSolution
		HideSolutionNode = FALSE
	EndGlobalSection
	GlobalSection(ExtensibilityGlobals) = postSolution
		SolutionGuid = {AC2D5549-3094-4A49-BC1F-6C8989629196}
	EndGlobalSection
EndGlobal
